
Microsoft Visual Studio Solution File, Format Version 12.00
# Visual Studio 15
VisualStudioVersion = 15.0.27703.2042
MinimumVisualStudioVersion = 10.0.40219.1
Project("{FAE04EC0-301F-11D3-BF4B-00C04F79EFBC}") = "Shopper.Store.DebugConsole", "Shopper.Store.DebugConsole\Shopper.Store.DebugConsole.csproj", "{FF6E1873-D4A6-43DE-8449-C884101060E6}"
EndProject
Project("{FAE04EC0-301F-11D3-BF4B-00C04F79EFBC}") = "Shopper.Store.Data.Model", "Shopper.Store.Data.Model\Shopper.Store.Data.Model.csproj", "{A4F5EE74-71CA-4D92-A9A6-F461160476DA}"
EndProject
Project("{FAE04EC0-301F-11D3-BF4B-00C04F79EFBC}") = "Shopper.Store.Data.Repository", "Shopper.Store.Data.Repository\Shopper.Store.Data.Repository.csproj", "{D7AA53FF-A126-40A3-956E-A0E7900EB319}"
EndProject
Project("{FAE04EC0-301F-11D3-BF4B-00C04F79EFBC}") = "Shopper.Store.Service", "Shopper.Store.Service\Shopper.Store.Service.csproj", "{EDE74A1C-C9A5-46DC-B018-3286A7A4992A}"
EndProject
Project("{FAE04EC0-301F-11D3-BF4B-00C04F79EFBC}") = "Shopper.Store.UI.ConsoleApp", "Shopper.Store.UI.ConsoleApp\Shopper.Store.UI.ConsoleApp.csproj", "{2A0FCF93-A409-40AF-9254-7EA5233FEEDB}"
EndProject
Project("{FAE04EC0-301F-11D3-BF4B-00C04F79EFBC}") = "Shopper.Store.UnitTest", "Shopper.Store.UnitTest\Shopper.Store.UnitTest.csproj", "{826F43E0-D9D8-4C19-8756-62C8ED0DAD11}"
EndProject
Global
	GlobalSection(SolutionConfigurationPlatforms) = preSolution
		Debug|Any CPU = Debug|Any CPU
		Release|Any CPU = Release|Any CPU
	EndGlobalSection
	GlobalSection(ProjectConfigurationPlatforms) = postSolution
		{FF6E1873-D4A6-43DE-8449-C884101060E6}.Debug|Any CPU.ActiveCfg = Debug|Any CPU
		{FF6E1873-D4A6-43DE-8449-C884101060E6}.Debug|Any CPU.Build.0 = Debug|Any CPU
		{FF6E1873-D4A6-43DE-8449-C884101060E6}.Release|Any CPU.ActiveCfg = Release|Any CPU
		{FF6E1873-D4A6-43DE-8449-C884101060E6}.Release|Any CPU.Build.0 = Release|Any CPU
		{A4F5EE74-71CA-4D92-A9A6-F461160476DA}.Debug|Any CPU.ActiveCfg = Debug|Any CPU
		{A4F5EE74-71CA-4D92-A9A6-F461160476DA}.Debug|Any CPU.Build.0 = Debug|Any CPU
		{A4F5EE74-71CA-4D92-A9A6-F461160476DA}.Release|Any CPU.ActiveCfg = Release|Any CPU
		{A4F5EE74-71CA-4D92-A9A6-F461160476DA}.Release|Any CPU.Build.0 = Release|Any CPU
		{D7AA53FF-A126-40A3-956E-A0E7900EB319}.Debug|Any CPU.ActiveCfg = Debug|Any CPU
		{D7AA53FF-A126-40A3-956E-A0E7900EB319}.Debug|Any CPU.Build.0 = Debug|Any CPU
		{D7AA53FF-A126-40A3-956E-A0E7900EB319}.Release|Any CPU.ActiveCfg = Release|Any CPU
		{D7AA53FF-A126-40A3-956E-A0E7900EB319}.Release|Any CPU.Build.0 = Release|Any CPU
		{EDE74A1C-C9A5-46DC-B018-3286A7A4992A}.Debug|Any CPU.ActiveCfg = Debug|Any CPU
		{EDE74A1C-C9A5-46DC-B018-3286A7A4992A}.Debug|Any CPU.Build.0 = Debug|Any CPU
		{EDE74A1C-C9A5-46DC-B018-3286A7A4992A}.Release|Any CPU.ActiveCfg = Release|Any CPU
		{EDE74A1C-C9A5-46DC-B018-3286A7A4992A}.Release|Any CPU.Build.0 = Release|Any CPU
		{2A0FCF93-A409-40AF-9254-7EA5233FEEDB}.Debug|Any CPU.ActiveCfg = Debug|Any CPU
		{2A0FCF93-A409-40AF-9254-7EA5233FEEDB}.Debug|Any CPU.Build.0 = Debug|Any CPU
		{2A0FCF93-A409-40AF-9254-7EA5233FEEDB}.Release|Any CPU.ActiveCfg = Release|Any CPU
		{2A0FCF93-A409-40AF-9254-7EA5233FEEDB}.Release|Any CPU.Build.0 = Release|Any CPU
		{826F43E0-D9D8-4C19-8756-62C8ED0DAD11}.Debug|Any CPU.ActiveCfg = Debug|Any CPU
		{826F43E0-D9D8-4C19-8756-62C8ED0DAD11}.Debug|Any CPU.Build.0 = Debug|Any CPU
		{826F43E0-D9D8-4C19-8756-62C8ED0DAD11}.Release|Any CPU.ActiveCfg = Release|Any CPU
		{826F43E0-D9D8-4C19-8756-62C8ED0DAD11}.Release|Any CPU.Build.0 = Release|Any CPU
	EndGlobalSection
	GlobalSection(SolutionProperties) = preSolution
		HideSolutionNode = FALSE
	EndGlobalSection
	GlobalSection(ExtensibilityGlobals) = postSolution
		SolutionGuid = {4AD481AB-98F9-4FCA-9718-801C62DE55FA}
	EndGlobalSection
EndGlobal
